
Microsoft Visual Studio Solution File, Format Version 12.00
# Visual Studio Version 17
VisualStudioVersion = 17.10.35013.160
MinimumVisualStudioVersion = 10.0.40219.1
Project("{FAE04EC0-301F-11D3-BF4B-00C04F79EFBC}") = "WpfBasics", "WpfBasics\WpfBasics.csproj", "{01B92F5A-BF23-4F4F-BE39-089F5B689788}"
EndProject
Global
	GlobalSection(SolutionConfigurationPlatforms) = preSolution
		Debug|Any CPU = Debug|Any CPU
		Release|Any CPU = Release|Any CPU
	EndGlobalSection
	GlobalSection(ProjectConfigurationPlatforms) = postSolution
		{01B92F5A-BF23-4F4F-BE39-089F5B689788}.Debug|Any CPU.ActiveCfg = Debug|Any CPU
		{01B92F5A-BF23-4F4F-BE39-089F5B689788}.Debug|Any CPU.Build.0 = Debug|Any CPU
		{01B92F5A-BF23-4F4F-BE39-089F5B689788}.Release|Any CPU.ActiveCfg = Release|Any CPU
		{01B92F5A-BF23-4F4F-BE39-089F5B689788}.Release|Any CPU.Build.0 = Release|Any CPU
	EndGlobalSection
	GlobalSection(SolutionProperties) = preSolution
		HideSolutionNode = FALSE
	EndGlobalSection
	GlobalSection(ExtensibilityGlobals) = postSolution
		SolutionGuid = {9EBB0EA4-26ED-42AA-9E00-BC8A39425915}
	EndGlobalSection
EndGlobal
